
Microsoft Visual Studio Solution File, Format Version 12.00
# Visual Studio Version 17
VisualStudioVersion = 17.1.32328.378
MinimumVisualStudioVersion = 10.0.40219.1
Project("{9A19103F-16F7-4668-BE54-9A1E7A4F7556}") = "F1TeamManager.WebApi", "F1TeamManager.WebApi.csproj", "{8910F176-EB32-4AB8-921C-AFBBF60768F0}"
EndProject
Project("{9A19103F-16F7-4668-BE54-9A1E7A4F7556}") = "F1TeamManager.Common.DataContext", "..\F1TeamManager.Common.DataContext\F1TeamManager.Common.DataContext.csproj", "{F21ACF75-7DED-430A-802F-C98DB5C9B681}"
EndProject
Project("{9A19103F-16F7-4668-BE54-9A1E7A4F7556}") = "F1TeamManager.Client", "..\F1TeamManager.Client\F1TeamManager.Client.csproj", "{B1AED9FF-44C2-4A7F-BC71-044B6FABC3DD}"
EndProject
Global
	GlobalSection(SolutionConfigurationPlatforms) = preSolution
		Debug|Any CPU = Debug|Any CPU
		Release|Any CPU = Release|Any CPU
	EndGlobalSection
	GlobalSection(ProjectConfigurationPlatforms) = postSolution
		{8910F176-EB32-4AB8-921C-AFBBF60768F0}.Debug|Any CPU.ActiveCfg = Debug|Any CPU
		{8910F176-EB32-4AB8-921C-AFBBF60768F0}.Debug|Any CPU.Build.0 = Debug|Any CPU
		{8910F176-EB32-4AB8-921C-AFBBF60768F0}.Release|Any CPU.ActiveCfg = Release|Any CPU
		{8910F176-EB32-4AB8-921C-AFBBF60768F0}.Release|Any CPU.Build.0 = Release|Any CPU
		{F21ACF75-7DED-430A-802F-C98DB5C9B681}.Debug|Any CPU.ActiveCfg = Debug|Any CPU
		{F21ACF75-7DED-430A-802F-C98DB5C9B681}.Debug|Any CPU.Build.0 = Debug|Any CPU
		{F21ACF75-7DED-430A-802F-C98DB5C9B681}.Release|Any CPU.ActiveCfg = Release|Any CPU
		{F21ACF75-7DED-430A-802F-C98DB5C9B681}.Release|Any CPU.Build.0 = Release|Any CPU
		{B1AED9FF-44C2-4A7F-BC71-044B6FABC3DD}.Debug|Any CPU.ActiveCfg = Debug|Any CPU
		{B1AED9FF-44C2-4A7F-BC71-044B6FABC3DD}.Debug|Any CPU.Build.0 = Debug|Any CPU
		{B1AED9FF-44C2-4A7F-BC71-044B6FABC3DD}.Release|Any CPU.ActiveCfg = Release|Any CPU
		{B1AED9FF-44C2-4A7F-BC71-044B6FABC3DD}.Release|Any CPU.Build.0 = Release|Any CPU
	EndGlobalSection
	GlobalSection(SolutionProperties) = preSolution
		HideSolutionNode = FALSE
	EndGlobalSection
	GlobalSection(ExtensibilityGlobals) = postSolution
		SolutionGuid = {05C1CE01-A7B2-4038-9C05-4D10F28AF7A2}
	EndGlobalSection
EndGlobal
